
Microsoft Visual Studio Solution File, Format Version 12.00
# Visual Studio Version 17
VisualStudioVersion = 17.2.32630.192
MinimumVisualStudioVersion = 10.0.40219.1
Project("{FAE04EC0-301F-11D3-BF4B-00C04F79EFBC}") = "NZWalks.API", "NZWalks.API\NZWalks.API.csproj", "{970EE35F-AC36-4374-8884-5316CACDDDE1}"
EndProject
Global
	GlobalSection(SolutionConfigurationPlatforms) = preSolution
		Debug|Any CPU = Debug|Any CPU
		Release|Any CPU = Release|Any CPU
	EndGlobalSection
	GlobalSection(ProjectConfigurationPlatforms) = postSolution
		{970EE35F-AC36-4374-8884-5316CACDDDE1}.Debug|Any CPU.ActiveCfg = Debug|Any CPU
		{970EE35F-AC36-4374-8884-5316CACDDDE1}.Debug|Any CPU.Build.0 = Debug|Any CPU
		{970EE35F-AC36-4374-8884-5316CACDDDE1}.Release|Any CPU.ActiveCfg = Release|Any CPU
		{970EE35F-AC36-4374-8884-5316CACDDDE1}.Release|Any CPU.Build.0 = Release|Any CPU
	EndGlobalSection
	GlobalSection(SolutionProperties) = preSolution
		HideSolutionNode = FALSE
	EndGlobalSection
	GlobalSection(ExtensibilityGlobals) = postSolution
		SolutionGuid = {00FE8FF4-59BD-4B43-9A17-C693B8F5F477}
	EndGlobalSection
EndGlobal
